
Microsoft Visual Studio Solution File, Format Version 12.00
# Visual Studio Version 17
VisualStudioVersion = 17.11.35303.130
MinimumVisualStudioVersion = 10.0.40219.1
Project("{FAE04EC0-301F-11D3-BF4B-00C04F79EFBC}") = "Simulator", "Simulator\Simulator.csproj", "{52A184E8-B322-4D35-AD93-765C001CEA98}"
EndProject
Global
	GlobalSection(SolutionConfigurationPlatforms) = preSolution
		Debug|Any CPU = Debug|Any CPU
		Release|Any CPU = Release|Any CPU
	EndGlobalSection
	GlobalSection(ProjectConfigurationPlatforms) = postSolution
		{52A184E8-B322-4D35-AD93-765C001CEA98}.Debug|Any CPU.ActiveCfg = Debug|Any CPU
		{52A184E8-B322-4D35-AD93-765C001CEA98}.Debug|Any CPU.Build.0 = Debug|Any CPU
		{52A184E8-B322-4D35-AD93-765C001CEA98}.Release|Any CPU.ActiveCfg = Release|Any CPU
		{52A184E8-B322-4D35-AD93-765C001CEA98}.Release|Any CPU.Build.0 = Release|Any CPU
	EndGlobalSection
	GlobalSection(SolutionProperties) = preSolution
		HideSolutionNode = FALSE
	EndGlobalSection
	GlobalSection(ExtensibilityGlobals) = postSolution
		SolutionGuid = {F71AD22B-9854-4C59-8198-D1FF298AC246}
	EndGlobalSection
EndGlobal
